
Microsoft Visual Studio Solution File, Format Version 12.00
# Visual Studio Version 17
VisualStudioVersion = 17.8.34601.278
MinimumVisualStudioVersion = 10.0.40219.1
Project("{9A19103F-16F7-4668-BE54-9A1E7A4F7556}") = "ServerApi", "ServerApi\ServerApi.csproj", "{80B4051A-13D1-4511-90B8-5EE0B04D92F6}"
EndProject
Project("{FAE04EC0-301F-11D3-BF4B-00C04F79EFBC}") = "WorldCitiesModel", "WorldCitiesModel\WorldCitiesModel.csproj", "{96FA3D3A-16B6-4DCB-AE16-61BC09E829D2}"
EndProject
Global
	GlobalSection(SolutionConfigurationPlatforms) = preSolution
		Debug|Any CPU = Debug|Any CPU
		Release|Any CPU = Release|Any CPU
	EndGlobalSection
	GlobalSection(ProjectConfigurationPlatforms) = postSolution
		{80B4051A-13D1-4511-90B8-5EE0B04D92F6}.Debug|Any CPU.ActiveCfg = Debug|Any CPU
		{80B4051A-13D1-4511-90B8-5EE0B04D92F6}.Debug|Any CPU.Build.0 = Debug|Any CPU
		{80B4051A-13D1-4511-90B8-5EE0B04D92F6}.Release|Any CPU.ActiveCfg = Release|Any CPU
		{80B4051A-13D1-4511-90B8-5EE0B04D92F6}.Release|Any CPU.Build.0 = Release|Any CPU
		{96FA3D3A-16B6-4DCB-AE16-61BC09E829D2}.Debug|Any CPU.ActiveCfg = Debug|Any CPU
		{96FA3D3A-16B6-4DCB-AE16-61BC09E829D2}.Debug|Any CPU.Build.0 = Debug|Any CPU
		{96FA3D3A-16B6-4DCB-AE16-61BC09E829D2}.Release|Any CPU.ActiveCfg = Release|Any CPU
		{96FA3D3A-16B6-4DCB-AE16-61BC09E829D2}.Release|Any CPU.Build.0 = Release|Any CPU
	EndGlobalSection
	GlobalSection(SolutionProperties) = preSolution
		HideSolutionNode = FALSE
	EndGlobalSection
	GlobalSection(ExtensibilityGlobals) = postSolution
		SolutionGuid = {66388BA3-B6BB-41AA-B726-BCA8E1436CC6}
	EndGlobalSection
EndGlobal
